{
  "name": "kuromoji-zeit",
  "version": "1.0.0",
  "lockfileVersion": 1,
  "dependencies": {
    "async": {
      "version": "2.4.1",
      "resolved": "https://registry.npmjs.org/async/-/async-2.4.1.tgz",
      "integrity": "sha1-YqVrJ5yYoR0JhwlqAcw+6463u9c="
    },
    "bulk-replace": {
      "version": "0.0.1",
      "resolved": "https://registry.npmjs.org/bulk-replace/-/bulk-replace-0.0.1.tgz",
      "integrity": "sha1-8JVoKolqvUs9ngjeQJzCIuIT+d0="
    },
    "doublearray": {
      "version": "0.0.2",
      "resolved": "https://registry.npmjs.org/doublearray/-/doublearray-0.0.2.tgz",
      "integrity": "sha1-Yxhv6NNEEydtNiH2qg7F954ifvk="
    },
    "hepburn": {
      "version": "1.0.0",
      "resolved": "https://registry.npmjs.org/hepburn/-/hepburn-1.0.0.tgz",
      "integrity": "sha1-Sc6GKUKndXDNT1yP4QC4XZQsths="
    },
    "kuromoji": {
      "version": "0.1.1",
      "resolved": "https://registry.npmjs.org/kuromoji/-/kuromoji-0.1.1.tgz",
      "integrity": "sha1-Sqvzm8zti4rZLQB6BKJr5tqEd8k="
    },
    "lodash": {
      "version": "4.17.4",
      "resolved": "https://registry.npmjs.org/lodash/-/lodash-4.17.4.tgz",
      "integrity": "sha1-eCA6TRwyiuHYbcpkYONptX9AVa4="
    },
    "zlibjs": {
      "version": "0.2.0",
      "resolved": "https://registry.npmjs.org/zlibjs/-/zlibjs-0.2.0.tgz",
      "integrity": "sha1-riDwYkMpPYXCVVYxifmxL1s7oaA="
    }
  }
}
